// !$*UTF8*$!
{
	archiveVersion = 1;
	classes = {
	};
	objectVersion = 55;
	objects = {

/* Begin PBXBuildFile section */
		698D00D32B655B7A00AE60A7 /* LearnJapanese1App.swift in Sources */ = {isa = PBXBuildFile; fileRef = 698D00D22B655B7A00AE60A7 /* LearnJapanese1App.swift */; };
		698D00D52B655B7A00AE60A7 /* ContentView.swift in Sources */ = {isa = PBXBuildFile; fileRef = 698D00D42B655B7A00AE60A7 /* ContentView.swift */; };
		698D00D72B655B7C00AE60A7 /* Assets.xcassets in Resources */ = {isa = PBXBuildFile; fileRef = 698D00D62B655B7C00AE60A7 /* Assets.xcassets */; };
		698D00DA2B655B7C00AE60A7 /* Preview Assets.xcassets in Resources */ = {isa = PBXBuildFile; fileRef = 698D00D92B655B7C00AE60A7 /* Preview Assets.xcassets */; };
		698D00E42B655B7C00AE60A7 /* LearnJapanese1Tests.swift in Sources */ = {isa = PBXBuildFile; fileRef = 698D00E32B655B7C00AE60A7 /* LearnJapanese1Tests.swift */; };
		698D00EE2B655B7C00AE60A7 /* LearnJapanese1UITests.swift in Sources */ = {isa = PBXBuildFile; fileRef = 698D00ED2B655B7C00AE60A7 /* LearnJapanese1UITests.swift */; };
		698D00F02B655B7C00AE60A7 /* LearnJapanese1UITestsLaunchTests.swift in Sources */ = {isa = PBXBuildFile; fileRef = 698D00EF2B655B7C00AE60A7 /* LearnJapanese1UITestsLaunchTests.swift */; };
/* End PBXBuildFile section */

/* Begin PBXContainerItemProxy section */
		698D00E02B655B7C00AE60A7 /* PBXContainerItemProxy */ = {
			isa = PBXContainerItemProxy;
			containerPortal = 698D00C72B655B7A00AE60A7 /* Project object */;
			proxyType = 1;
			remoteGlobalIDString = 698D00CE2B655B7A00AE60A7;
			remoteInfo = LearnJapanese1;
		};
		698D00EA2B655B7C00AE60A7 /* PBXContainerItemProxy */ = {
			isa = PBXContainerItemProxy;
			containerPortal = 698D00C72B655B7A00AE60A7 /* Project object */;
			proxyType = 1;
			remoteGlobalIDString = 698D00CE2B655B7A00AE60A7;
			remoteInfo = LearnJapanese1;
		};
/* End PBXContainerItemProxy section */

/* Begin PBXFileReference section */
		698D00CF2B655B7A00AE60A7 /* LearnJapanese1.app */ = {isa = PBXFileReference; explicitFileType = wrapper.application; includeInIndex = 0; path = LearnJapanese1.app; sourceTree = BUILT_PRODUCTS_DIR; };
		698D00D22B655B7A00AE60A7 /* LearnJapanese1App.swift */ = {isa = PBXFileReference; lastKnownFileType = sourcecode.swift; path = LearnJapanese1App.swift; sourceTree = "<group>"; };
		698D00D42B655B7A00AE60A7 /* ContentView.swift */ = {isa = PBXFileReference; lastKnownFileType = sourcecode.swift; path = ContentView.swift; sourceTree = "<group>"; };
		698D00D62B655B7C00AE60A7 /* Assets.xcassets */ = {isa = PBXFileReference; lastKnownFileType = folder.assetcatalog; path = Assets.xcassets; sourceTree = "<group>"; };
		698D00D92B655B7C00AE60A7 /* Preview Assets.xcassets */ = {isa = PBXFileReference; lastKnownFileType = folder.assetcatalog; path = "Preview Assets.xcassets"; sourceTree = "<group>"; };
		698D00DF2B655B7C00AE60A7 /* LearnJapanese1Tests.xctest */ = {isa = PBXFileReference; explicitFileType = wrapper.cfbundle; includeInIndex = 0; path = LearnJapanese1Tests.xctest; sourceTree = BUILT_PRODUCTS_DIR; };
		698D00E32B655B7C00AE60A7 /* LearnJapanese1Tests.swift */ = {isa = PBXFileReference; lastKnownFileType = sourcecode.swift; path = LearnJapanese1Tests.swift; sourceTree = "<group>"; };
		698D00E92B655B7C00AE60A7 /* LearnJapanese1UITests.xctest */ = {isa = PBXFileReference; explicitFileType = wrapper.cfbundle; includeInIndex = 0; path = LearnJapanese1UITests.xctest; sourceTree = BUILT_PRODUCTS_DIR; };
		698D00ED2B655B7C00AE60A7 /* LearnJapanese1UITests.swift */ = {isa = PBXFileReference; lastKnownFileType = sourcecode.swift; path = LearnJapanese1UITests.swift; sourceTree = "<group>"; };
		698D00EF2B655B7C00AE60A7 /* LearnJapanese1UITestsLaunchTests.swift */ = {isa = PBXFileReference; lastKnownFileType = sourcecode.swift; path = LearnJapanese1UITestsLaunchTests.swift; sourceTree = "<group>"; };
/* End PBXFileReference section */

/* Begin PBXFrameworksBuildPhase section */
		698D00CC2B655B7A00AE60A7 /* Frameworks */ = {
			isa = PBXFrameworksBuildPhase;
			buildActionMask = 2147483647;
			files = (
			);
			runOnlyForDeploymentPostprocessing = 0;
		};
		698D00DC2B655B7C00AE60A7 /* Frameworks */ = {
			isa = PBXFrameworksBuildPhase;
			buildActionMask = 2147483647;
			files = (
			);
			runOnlyForDeploymentPostprocessing = 0;
		};
		698D00E62B655B7C00AE60A7 /* Frameworks */ = {
			isa = PBXFrameworksBuildPhase;
			buildActionMask = 2147483647;
			files = (
			);
			runOnlyForDeploymentPostprocessing = 0;
		};
/* End PBXFrameworksBuildPhase section */

/* Begin PBXGroup section */
		698D00C62B655B7A00AE60A7 = {
			isa = PBXGroup;
			children = (
				698D00D12B655B7A00AE60A7 /* LearnJapanese1 */,
				698D00E22B655B7C00AE60A7 /* LearnJapanese1Tests */,
				698D00EC2B655B7C00AE60A7 /* LearnJapanese1UITests */,
				698D00D02B655B7A00AE60A7 /* Products */,
			);
			sourceTree = "<group>";
		};
		698D00D02B655B7A00AE60A7 /* Products */ = {
			isa = PBXGroup;
			children = (
				698D00CF2B655B7A00AE60A7 /* LearnJapanese1.app */,
				698D00DF2B655B7C00AE60A7 /* LearnJapanese1Tests.xctest */,
				698D00E92B655B7C00AE60A7 /* LearnJapanese1UITests.xctest */,
			);
			name = Products;
			sourceTree = "<group>";
		};
		698D00D12B655B7A00AE60A7 /* LearnJapanese1 */ = {
			isa = PBXGroup;
			children = (
				698D00D22B655B7A00AE60A7 /* LearnJapanese1App.swift */,
				698D00D42B655B7A00AE60A7 /* ContentView.swift */,
				698D00D62B655B7C00AE60A7 /* Assets.xcassets */,
				698D00D82B655B7C00AE60A7 /* Preview Content */,
			);
			path = LearnJapanese1;
			sourceTree = "<group>";
		};
		698D00D82B655B7C00AE60A7 /* Preview Content */ = {
			isa = PBXGroup;
			children = (
				698D00D92B655B7C00AE60A7 /* Preview Assets.xcassets */,
			);
			path = "Preview Content";
			sourceTree = "<group>";
		};
		698D00E22B655B7C00AE60A7 /* LearnJapanese1Tests */ = {
			isa = PBXGroup;
			children = (
				698D00E32B655B7C00AE60A7 /* LearnJapanese1Tests.swift */,
			);
			path = LearnJapanese1Tests;
			sourceTree = "<group>";
		};
		698D00EC2B655B7C00AE60A7 /* LearnJapanese1UITests */ = {
			isa = PBXGroup;
			children = (
				698D00ED2B655B7C00AE60A7 /* LearnJapanese1UITests.swift */,
				698D00EF2B655B7C00AE60A7 /* LearnJapanese1UITestsLaunchTests.swift */,
			);
			path = LearnJapanese1UITests;
			sourceTree = "<group>";
		};
/* End PBXGroup section */

/* Begin PBXNativeTarget section */
		698D00CE2B655B7A00AE60A7 /* LearnJapanese1 */ = {
			isa = PBXNativeTarget;
			buildConfigurationList = 698D00F32B655B7C00AE60A7 /* Build configuration list for PBXNativeTarget "LearnJapanese1" */;
			buildPhases = (
				698D00CB2B655B7A00AE60A7 /* Sources */,
				698D00CC2B655B7A00AE60A7 /* Frameworks */,
				698D00CD2B655B7A00AE60A7 /* Resources */,
			);
			buildRules = (
			);
			dependencies = (
			);
			name = LearnJapanese1;
			productName = LearnJapanese1;
			productReference = 698D00CF2B655B7A00AE60A7 /* LearnJapanese1.app */;
			productType = "com.apple.product-type.application";
		};
		698D00DE2B655B7C00AE60A7 /* LearnJapanese1Tests */ = {
			isa = PBXNativeTarget;
			buildConfigurationList = 698D00F62B655B7C00AE60A7 /* Build configuration list for PBXNativeTarget "LearnJapanese1Tests" */;
			buildPhases = (
				698D00DB2B655B7C00AE60A7 /* Sources */,
				698D00DC2B655B7C00AE60A7 /* Frameworks */,
				698D00DD2B655B7C00AE60A7 /* Resources */,
			);
			buildRules = (
			);
			dependencies = (
				698D00E12B655B7C00AE60A7 /* PBXTargetDependency */,
			);
			name = LearnJapanese1Tests;
			productName = LearnJapanese1Tests;
			productReference = 698D00DF2B655B7C00AE60A7 /* LearnJapanese1Tests.xctest */;
			productType = "com.apple.product-type.bundle.unit-test";
		};
		698D00E82B655B7C00AE60A7 /* LearnJapanese1UITests */ = {
			isa = PBXNativeTarget;
			buildConfigurationList = 698D00F92B655B7D00AE60A7 /* Build configuration list for PBXNativeTarget "LearnJapanese1UITests" */;
			buildPhases = (
				698D00E52B655B7C00AE60A7 /* Sources */,
				698D00E62B655B7C00AE60A7 /* Frameworks */,
				698D00E72B655B7C00AE60A7 /* Resources */,
			);
			buildRules = (
			);
			dependencies = (
				698D00EB2B655B7C00AE60A7 /* PBXTargetDependency */,
			);
			name = LearnJapanese1UITests;
			productName = LearnJapanese1UITests;
			productReference = 698D00E92B655B7C00AE60A7 /* LearnJapanese1UITests.xctest */;
			productType = "com.apple.product-type.bundle.ui-testing";
		};
/* End PBXNativeTarget section */

/* Begin PBXProject section */
		698D00C72B655B7A00AE60A7 /* Project object */ = {
			isa = PBXProject;
			attributes = {
				BuildIndependentTargetsInParallel = 1;
				LastSwiftUpdateCheck = 1320;
				LastUpgradeCheck = 1320;
				TargetAttributes = {
					698D00CE2B655B7A00AE60A7 = {
						CreatedOnToolsVersion = 13.2.1;
					};
					698D00DE2B655B7C00AE60A7 = {
						CreatedOnToolsVersion = 13.2.1;
						TestTargetID = 698D00CE2B655B7A00AE60A7;
					};
					698D00E82B655B7C00AE60A7 = {
						CreatedOnToolsVersion = 13.2.1;
						TestTargetID = 698D00CE2B655B7A00AE60A7;
					};
				};
			};
			buildConfigurationList = 698D00CA2B655B7A00AE60A7 /* Build configuration list for PBXProject "LearnJapanese1" */;
			compatibilityVersion = "Xcode 13.0";
			developmentRegion = en;
			hasScannedForEncodings = 0;
			knownRegions = (
				en,
				Base,
			);
			mainGroup = 698D00C62B655B7A00AE60A7;
			productRefGroup = 698D00D02B655B7A00AE60A7 /* Products */;
			projectDirPath = "";
			projectRoot = "";
			targets = (
				698D00CE2B655B7A00AE60A7 /* LearnJapanese1 */,
				698D00DE2B655B7C00AE60A7 /* LearnJapanese1Tests */,
				698D00E82B655B7C00AE60A7 /* LearnJapanese1UITests */,
			);
		};
/* End PBXProject section */

/* Begin PBXResourcesBuildPhase section */
		698D00CD2B655B7A00AE60A7 /* Resources */ = {
			isa = PBXResourcesBuildPhase;
			buildActionMask = 2147483647;
			files = (
				698D00DA2B655B7C00AE60A7 /* Preview Assets.xcassets in Resources */,
				698D00D72B655B7C00AE60A7 /* Assets.xcassets in Resources */,
			);
			runOnlyForDeploymentPostprocessing = 0;
		};
		698D00DD2B655B7C00AE60A7 /* Resources */ = {
			isa = PBXResourcesBuildPhase;
			buildActionMask = 2147483647;
			files = (
			);
			runOnlyForDeploymentPostprocessing = 0;
		};
		698D00E72B655B7C00AE60A7 /* Resources */ = {
			isa = PBXResourcesBuildPhase;
			buildActionMask = 2147483647;
			files = (
			);
			runOnlyForDeploymentPostprocessing = 0;
		};
/* End PBXResourcesBuildPhase section */

/* Begin PBXSourcesBuildPhase section */
		698D00CB2B655B7A00AE60A7 /* Sources */ = {
			isa = PBXSourcesBuildPhase;
			buildActionMask = 2147483647;
			files = (
				698D00D52B655B7A00AE60A7 /* ContentView.swift in Sources */,
				698D00D32B655B7A00AE60A7 /* LearnJapanese1App.swift in Sources */,
			);
			runOnlyForDeploymentPostprocessing = 0;
		};
		698D00DB2B655B7C00AE60A7 /* Sources */ = {
			isa = PBXSourcesBuildPhase;
			buildActionMask = 2147483647;
			files = (
				698D00E42B655B7C00AE60A7 /* LearnJapanese1Tests.swift in Sources */,
			);
			runOnlyForDeploymentPostprocessing = 0;
		};
		698D00E52B655B7C00AE60A7 /* Sources */ = {
			isa = PBXSourcesBuildPhase;
			buildActionMask = 2147483647;
			files = (
				698D00F02B655B7C00AE60A7 /* LearnJapanese1UITestsLaunchTests.swift in Sources */,
				698D00EE2B655B7C00AE60A7 /* LearnJapanese1UITests.swift in Sources */,
			);
			runOnlyForDeploymentPostprocessing = 0;
		};
/* End PBXSourcesBuildPhase section */

/* Begin PBXTargetDependency section */
		698D00E12B655B7C00AE60A7 /* PBXTargetDependency */ = {
			isa = PBXTargetDependency;
			target = 698D00CE2B655B7A00AE60A7 /* LearnJapanese1 */;
			targetProxy = 698D00E02B655B7C00AE60A7 /* PBXContainerItemProxy */;
		};
		698D00EB2B655B7C00AE60A7 /* PBXTargetDependency */ = {
			isa = PBXTargetDependency;
			target = 698D00CE2B655B7A00AE60A7 /* LearnJapanese1 */;
			targetProxy = 698D00EA2B655B7C00AE60A7 /* PBXContainerItemProxy */;
		};
/* End PBXTargetDependency section */

/* Begin XCBuildConfiguration section */
		698D00F12B655B7C00AE60A7 /* Debug */ = {
			isa = XCBuildConfiguration;
			buildSettings = {
				ALWAYS_SEARCH_USER_PATHS = NO;
				CLANG_ANALYZER_NONNULL = YES;
				CLANG_ANALYZER_NUMBER_OBJECT_CONVERSION = YES_AGGRESSIVE;
				CLANG_CXX_LANGUAGE_STANDARD = "gnu++17";
				CLANG_CXX_LIBRARY = "libc++";
				CLANG_ENABLE_MODULES = YES;
				CLANG_ENABLE_OBJC_ARC = YES;
				CLANG_ENABLE_OBJC_WEAK = YES;
				CLANG_WARN_BLOCK_CAPTURE_AUTORELEASING = YES;
				CLANG_WARN_BOOL_CONVERSION = YES;
				CLANG_WARN_COMMA = YES;
				CLANG_WARN_CONSTANT_CONVERSION = YES;
				CLANG_WARN_DEPRECATED_OBJC_IMPLEMENTATIONS = YES;
				CLANG_WARN_DIRECT_OBJC_ISA_USAGE = YES_ERROR;
				CLANG_WARN_DOCUMENTATION_COMMENTS = YES;
				CLANG_WARN_EMPTY_BODY = YES;
				CLANG_WARN_ENUM_CONVERSION = YES;
				CLANG_WARN_INFINITE_RECURSION = YES;
				CLANG_WARN_INT_CONVERSION = YES;
				CLANG_WARN_NON_LITERAL_NULL_CONVERSION = YES;
				CLANG_WARN_OBJC_IMPLICIT_RETAIN_SELF = YES;
				CLANG_WARN_OBJC_LITERAL_CONVERSION = YES;
				CLANG_WARN_OBJC_ROOT_CLASS = YES_ERROR;
				CLANG_WARN_QUOTED_INCLUDE_IN_FRAMEWORK_HEADER = YES;
				CLANG_WARN_RANGE_LOOP_ANALYSIS = YES;
				CLANG_WARN_STRICT_PROTOTYPES = YES;
				CLANG_WARN_SUSPICIOUS_MOVE = YES;
				CLANG_WARN_UNGUARDED_AVAILABILITY = YES_AGGRESSIVE;
				CLANG_WARN_UNREACHABLE_CODE = YES;
				CLANG_WARN__DUPLICATE_METHOD_MATCH = YES;
				COPY_PHASE_STRIP = NO;
				DEBUG_INFORMATION_FORMAT = dwarf;
				ENABLE_STRICT_OBJC_MSGSEND = YES;
				ENABLE_TESTABILITY = YES;
				GCC_C_LANGUAGE_STANDARD = gnu11;
				GCC_DYNAMIC_NO_PIC = NO;
				GCC_NO_COMMON_BLOCKS = YES;
				GCC_OPTIMIZATION_LEVEL = 0;
				GCC_PREPROCESSOR_DEFINITIONS = (
					"DEBUG=1",
					"$(inherited)",
				);
				GCC_WARN_64_TO_32_BIT_CONVERSION = YES;
				GCC_WARN_ABOUT_RETURN_TYPE = YES_ERROR;
				GCC_WARN_UNDECLARED_SELECTOR = YES;
				GCC_WARN_UNINITIALIZED_AUTOS = YES_AGGRESSIVE;
				GCC_WARN_UNUSED_FUNCTION = YES;
				GCC_WARN_UNUSED_VARIABLE = YES;
				IPHONEOS_DEPLOYMENT_TARGET = 15.2;
				MTL_ENABLE_DEBUG_INFO = INCLUDE_SOURCE;
				MTL_FAST_MATH = YES;
				ONLY_ACTIVE_ARCH = YES;
				SDKROOT = iphoneos;
				SWIFT_ACTIVE_COMPILATION_CONDITIONS = DEBUG;
				SWIFT_OPTIMIZATION_LEVEL = "-Onone";
			};
			name = Debug;
		};
		698D00F22B655B7C00AE60A7 /* Release */ = {
			isa = XCBuildConfiguration;
			buildSettings = {
				ALWAYS_SEARCH_USER_PATHS = NO;
				CLANG_ANALYZER_NONNULL = YES;
				CLANG_ANALYZER_NUMBER_OBJECT_CONVERSION = YES_AGGRESSIVE;
				CLANG_CXX_LANGUAGE_STANDARD = "gnu++17";
				CLANG_CXX_LIBRARY = "libc++";
				CLANG_ENABLE_MODULES = YES;
				CLANG_ENABLE_OBJC_ARC = YES;
				CLANG_ENABLE_OBJC_WEAK = YES;
				CLANG_WARN_BLOCK_CAPTURE_AUTORELEASING = YES;
				CLANG_WARN_BOOL_CONVERSION = YES;
				CLANG_WARN_COMMA = YES;
				CLANG_WARN_CONSTANT_CONVERSION = YES;
				CLANG_WARN_DEPRECATED_OBJC_IMPLEMENTATIONS = YES;
				CLANG_WARN_DIRECT_OBJC_ISA_USAGE = YES_ERROR;
				CLANG_WARN_DOCUMENTATION_COMMENTS = YES;
				CLANG_WARN_EMPTY_BODY = YES;
				CLANG_WARN_ENUM_CONVERSION = YES;
				CLANG_WARN_INFINITE_RECURSION = YES;
				CLANG_WARN_INT_CONVERSION = YES;
				CLANG_WARN_NON_LITERAL_NULL_CONVERSION = YES;
				CLANG_WARN_OBJC_IMPLICIT_RETAIN_SELF = YES;
				CLANG_WARN_OBJC_LITERAL_CONVERSION = YES;
				CLANG_WARN_OBJC_ROOT_CLASS = YES_ERROR;
				CLANG_WARN_QUOTED_INCLUDE_IN_FRAMEWORK_HEADER = YES;
				CLANG_WARN_RANGE_LOOP_ANALYSIS = YES;
				CLANG_WARN_STRICT_PROTOTYPES = YES;
				CLANG_WARN_SUSPICIOUS_MOVE = YES;
				CLANG_WARN_UNGUARDED_AVAILABILITY = YES_AGGRESSIVE;
				CLANG_WARN_UNREACHABLE_CODE = YES;
				CLANG_WARN__DUPLICATE_METHOD_MATCH = YES;
				COPY_PHASE_STRIP = NO;
				DEBUG_INFORMATION_FORMAT = "dwarf-with-dsym";
				ENABLE_NS_ASSERTIONS = NO;
				ENABLE_STRICT_OBJC_MSGSEND = YES;
				GCC_C_LANGUAGE_STANDARD = gnu11;
				GCC_NO_COMMON_BLOCKS = YES;
				GCC_WARN_64_TO_32_BIT_CONVERSION = YES;
				GCC_WARN_ABOUT_RETURN_TYPE = YES_ERROR;
				GCC_WARN_UNDECLARED_SELECTOR = YES;
				GCC_WARN_UNINITIALIZED_AUTOS = YES_AGGRESSIVE;
				GCC_WARN_UNUSED_FUNCTION = YES;
				GCC_WARN_UNUSED_VARIABLE = YES;
				IPHONEOS_DEPLOYMENT_TARGET = 15.2;
				MTL_ENABLE_DEBUG_INFO = NO;
				MTL_FAST_MATH = YES;
				SDKROOT = iphoneos;
				SWIFT_COMPILATION_MODE = wholemodule;
				SWIFT_OPTIMIZATION_LEVEL = "-O";
				VALIDATE_PRODUCT = YES;
			};
			name = Release;
		};
		698D00F42B655B7C00AE60A7 /* Debug */ = {
			isa = XCBuildConfiguration;
			buildSettings = {
				ASSETCATALOG_COMPILER_APPICON_NAME = AppIcon;
				ASSETCATALOG_COMPILER_GLOBAL_ACCENT_COLOR_NAME = AccentColor;
				CODE_SIGN_STYLE = Automatic;
				CURRENT_PROJECT_VERSION = 1;
				DEVELOPMENT_ASSET_PATHS = "\"LearnJapanese1/Preview Content\"";
				ENABLE_PREVIEWS = YES;
				GENERATE_INFOPLIST_FILE = YES;
				INFOPLIST_KEY_UIApplicationSceneManifest_Generation = YES;
				INFOPLIST_KEY_UIApplicationSupportsIndirectInputEvents = YES;
				INFOPLIST_KEY_UILaunchScreen_Generation = YES;
				INFOPLIST_KEY_UISupportedInterfaceOrientations_iPad = "UIInterfaceOrientationPortrait UIInterfaceOrientationPortraitUpsideDown UIInterfaceOrientationLandscapeLeft UIInterfaceOrientationLandscapeRight";
				INFOPLIST_KEY_UISupportedInterfaceOrientations_iPhone = "UIInterfaceOrientationPortrait UIInterfaceOrientationLandscapeLeft UIInterfaceOrientationLandscapeRight";
				LD_RUNPATH_SEARCH_PATHS = (
					"$(inherited)",
					"@executable_path/Frameworks",
				);
				MARKETING_VERSION = 1.0;
				PRODUCT_BUNDLE_IDENTIFIER = s21.LearnJapanese1;
				PRODUCT_NAME = "$(TARGET_NAME)";
				SWIFT_EMIT_LOC_STRINGS = YES;
				SWIFT_VERSION = 5.0;
				TARGETED_DEVICE_FAMILY = "1,2";
			};
			name = Debug;
		};
		698D00F52B655B7C00AE60A7 /* Release */ = {
			isa = XCBuildConfiguration;
			buildSettings = {
				ASSETCATALOG_COMPILER_APPICON_NAME = AppIcon;
				ASSETCATALOG_COMPILER_GLOBAL_ACCENT_COLOR_NAME = AccentColor;
				CODE_SIGN_STYLE = Automatic;
				CURRENT_PROJECT_VERSION = 1;
				DEVELOPMENT_ASSET_PATHS = "\"LearnJapanese1/Preview Content\"";
				ENABLE_PREVIEWS = YES;
				GENERATE_INFOPLIST_FILE = YES;
				INFOPLIST_KEY_UIApplicationSceneManifest_Generation = YES;
				INFOPLIST_KEY_UIApplicationSupportsIndirectInputEvents = YES;
				INFOPLIST_KEY_UILaunchScreen_Generation = YES;
				INFOPLIST_KEY_UISupportedInterfaceOrientations_iPad = "UIInterfaceOrientationPortrait UIInterfaceOrientationPortraitUpsideDown UIInterfaceOrientationLandscapeLeft UIInterfaceOrientationLandscapeRight";
				INFOPLIST_KEY_UISupportedInterfaceOrientations_iPhone = "UIInterfaceOrientationPortrait UIInterfaceOrientationLandscapeLeft UIInterfaceOrientationLandscapeRight";
				LD_RUNPATH_SEARCH_PATHS = (
					"$(inherited)",
					"@executable_path/Frameworks",
				);
				MARKETING_VERSION = 1.0;
				PRODUCT_BUNDLE_IDENTIFIER = s21.LearnJapanese1;
				PRODUCT_NAME = "$(TARGET_NAME)";
				SWIFT_EMIT_LOC_STRINGS = YES;
				SWIFT_VERSION = 5.0;
				TARGETED_DEVICE_FAMILY = "1,2";
			};
			name = Release;
		};
		698D00F72B655B7C00AE60A7 /* Debug */ = {
			isa = XCBuildConfiguration;
			buildSettings = {
				ALWAYS_EMBED_SWIFT_STANDARD_LIBRARIES = YES;
				BUNDLE_LOADER = "$(TEST_HOST)";
				CODE_SIGN_STYLE = Automatic;
				CURRENT_PROJECT_VERSION = 1;
				GENERATE_INFOPLIST_FILE = YES;
				IPHONEOS_DEPLOYMENT_TARGET = 15.2;
				MARKETING_VERSION = 1.0;
				PRODUCT_BUNDLE_IDENTIFIER = s21.LearnJapanese1Tests;
				PRODUCT_NAME = "$(TARGET_NAME)";
				SWIFT_EMIT_LOC_STRINGS = NO;
				SWIFT_VERSION = 5.0;
				TARGETED_DEVICE_FAMILY = "1,2";
				TEST_HOST = "$(BUILT_PRODUCTS_DIR)/LearnJapanese1.app/LearnJapanese1";
			};
			name = Debug;
		};
		698D00F82B655B7D00AE60A7 /* Release */ = {
			isa = XCBuildConfiguration;
			buildSettings = {
				ALWAYS_EMBED_SWIFT_STANDARD_LIBRARIES = YES;
				BUNDLE_LOADER = "$(TEST_HOST)";
				CODE_SIGN_STYLE = Automatic;
				CURRENT_PROJECT_VERSION = 1;
				GENERATE_INFOPLIST_FILE = YES;
				IPHONEOS_DEPLOYMENT_TARGET = 15.2;
				MARKETING_VERSION = 1.0;
				PRODUCT_BUNDLE_IDENTIFIER = s21.LearnJapanese1Tests;
				PRODUCT_NAME = "$(TARGET_NAME)";
				SWIFT_EMIT_LOC_STRINGS = NO;
				SWIFT_VERSION = 5.0;
				TARGETED_DEVICE_FAMILY = "1,2";
				TEST_HOST = "$(BUILT_PRODUCTS_DIR)/LearnJapanese1.app/LearnJapanese1";
			};
			name = Release;
		};
		698D00FA2B655B7D00AE60A7 /* Debug */ = {
			isa = XCBuildConfiguration;
			buildSettings = {
				ALWAYS_EMBED_SWIFT_STANDARD_LIBRARIES = YES;
				CODE_SIGN_STYLE = Automatic;
				CURRENT_PROJECT_VERSION = 1;
				GENERATE_INFOPLIST_FILE = YES;
				MARKETING_VERSION = 1.0;
				PRODUCT_BUNDLE_IDENTIFIER = s21.LearnJapanese1UITests;
				PRODUCT_NAME = "$(TARGET_NAME)";
				SWIFT_EMIT_LOC_STRINGS = NO;
				SWIFT_VERSION = 5.0;
				TARGETED_DEVICE_FAMILY = "1,2";
				TEST_TARGET_NAME = LearnJapanese1;
			};
			name = Debug;
		};
		698D00FB2B655B7D00AE60A7 /* Release */ = {
			isa = XCBuildConfiguration;
			buildSettings = {
				ALWAYS_EMBED_SWIFT_STANDARD_LIBRARIES = YES;
				CODE_SIGN_STYLE = Automatic;
				CURRENT_PROJECT_VERSION = 1;
				GENERATE_INFOPLIST_FILE = YES;
				MARKETING_VERSION = 1.0;
				PRODUCT_BUNDLE_IDENTIFIER = s21.LearnJapanese1UITests;
				PRODUCT_NAME = "$(TARGET_NAME)";
				SWIFT_EMIT_LOC_STRINGS = NO;
				SWIFT_VERSION = 5.0;
				TARGETED_DEVICE_FAMILY = "1,2";
				TEST_TARGET_NAME = LearnJapanese1;
			};
			name = Release;
		};
/* End XCBuildConfiguration section */

/* Begin XCConfigurationList section */
		698D00CA2B655B7A00AE60A7 /* Build configuration list for PBXProject "LearnJapanese1" */ = {
			isa = XCConfigurationList;
			buildConfigurations = (
				698D00F12B655B7C00AE60A7 /* Debug */,
				698D00F22B655B7C00AE60A7 /* Release */,
			);
			defaultConfigurationIsVisible = 0;
			defaultConfigurationName = Release;
		};
		698D00F32B655B7C00AE60A7 /* Build configuration list for PBXNativeTarget "LearnJapanese1" */ = {
			isa = XCConfigurationList;
			buildConfigurations = (
				698D00F42B655B7C00AE60A7 /* Debug */,
				698D00F52B655B7C00AE60A7 /* Release */,
			);
			defaultConfigurationIsVisible = 0;
			defaultConfigurationName = Release;
		};
		698D00F62B655B7C00AE60A7 /* Build configuration list for PBXNativeTarget "LearnJapanese1Tests" */ = {
			isa = XCConfigurationList;
			buildConfigurations = (
				698D00F72B655B7C00AE60A7 /* Debug */,
				698D00F82B655B7D00AE60A7 /* Release */,
			);
			defaultConfigurationIsVisible = 0;
			defaultConfigurationName = Release;
		};
		698D00F92B655B7D00AE60A7 /* Build configuration list for PBXNativeTarget "LearnJapanese1UITests" */ = {
			isa = XCConfigurationList;
			buildConfigurations = (
				698D00FA2B655B7D00AE60A7 /* Debug */,
				698D00FB2B655B7D00AE60A7 /* Release */,
			);
			defaultConfigurationIsVisible = 0;
			defaultConfigurationName = Release;
		};
/* End XCConfigurationList section */
	};
	rootObject = 698D00C72B655B7A00AE60A7 /* Project object */;
}
